
Microsoft Visual Studio Solution File, Format Version 12.00
# Visual Studio Version 16
VisualStudioVersion = 16.0.30320.27
MinimumVisualStudioVersion = 10.0.40219.1
Project("{9A19103F-16F7-4668-BE54-9A1E7A4F7556}") = "BustPCap", "src\BustPCap.csproj", "{03A3E8A3-B579-4F45-A71D-CA5F8639A920}"
EndProject
Project("{FAE04EC0-301F-11D3-BF4B-00C04F79EFBC}") = "Tests", "Tests\Tests.csproj", "{252FB062-DCEC-4798-9F8B-7CD014DF9AC2}"
EndProject
Global
	GlobalSection(SolutionConfigurationPlatforms) = preSolution
		Debug|Any CPU = Debug|Any CPU
		Release|Any CPU = Release|Any CPU
	EndGlobalSection
	GlobalSection(ProjectConfigurationPlatforms) = postSolution
		{03A3E8A3-B579-4F45-A71D-CA5F8639A920}.Debug|Any CPU.ActiveCfg = Debug|Any CPU
		{03A3E8A3-B579-4F45-A71D-CA5F8639A920}.Debug|Any CPU.Build.0 = Debug|Any CPU
		{03A3E8A3-B579-4F45-A71D-CA5F8639A920}.Release|Any CPU.ActiveCfg = Release|Any CPU
		{03A3E8A3-B579-4F45-A71D-CA5F8639A920}.Release|Any CPU.Build.0 = Release|Any CPU
		{252FB062-DCEC-4798-9F8B-7CD014DF9AC2}.Debug|Any CPU.ActiveCfg = Debug|Any CPU
		{252FB062-DCEC-4798-9F8B-7CD014DF9AC2}.Debug|Any CPU.Build.0 = Debug|Any CPU
		{252FB062-DCEC-4798-9F8B-7CD014DF9AC2}.Release|Any CPU.ActiveCfg = Release|Any CPU
		{252FB062-DCEC-4798-9F8B-7CD014DF9AC2}.Release|Any CPU.Build.0 = Release|Any CPU
	EndGlobalSection
	GlobalSection(SolutionProperties) = preSolution
		HideSolutionNode = FALSE
	EndGlobalSection
	GlobalSection(ExtensibilityGlobals) = postSolution
		SolutionGuid = {13F543AB-20E1-49F3-8272-6B4E36A4DA65}
	EndGlobalSection
EndGlobal
